
Microsoft Visual Studio Solution File, Format Version 12.00
# Visual Studio 15
VisualStudioVersion = 15.0.27703.2035
MinimumVisualStudioVersion = 10.0.40219.1
Project("{8BC9CEB8-8B4A-11D0-8D11-00A0C91BC942}") = "CSP20131205", "CSP20131205\CSP20131205.vcxproj", "{FA64304B-A09D-48C6-ADEA-D3DA693A4304}"
EndProject
Global
	GlobalSection(SolutionConfigurationPlatforms) = preSolution
		Debug|x64 = Debug|x64
		Debug|x86 = Debug|x86
		Release|x64 = Release|x64
		Release|x86 = Release|x86
	EndGlobalSection
	GlobalSection(ProjectConfigurationPlatforms) = postSolution
		{FA64304B-A09D-48C6-ADEA-D3DA693A4304}.Debug|x64.ActiveCfg = Debug|x64
		{FA64304B-A09D-48C6-ADEA-D3DA693A4304}.Debug|x64.Build.0 = Debug|x64
		{FA64304B-A09D-48C6-ADEA-D3DA693A4304}.Debug|x86.ActiveCfg = Debug|Win32
		{FA64304B-A09D-48C6-ADEA-D3DA693A4304}.Debug|x86.Build.0 = Debug|Win32
		{FA64304B-A09D-48C6-ADEA-D3DA693A4304}.Release|x64.ActiveCfg = Release|x64
		{FA64304B-A09D-48C6-ADEA-D3DA693A4304}.Release|x64.Build.0 = Release|x64
		{FA64304B-A09D-48C6-ADEA-D3DA693A4304}.Release|x86.ActiveCfg = Release|Win32
		{FA64304B-A09D-48C6-ADEA-D3DA693A4304}.Release|x86.Build.0 = Release|Win32
	EndGlobalSection
	GlobalSection(SolutionProperties) = preSolution
		HideSolutionNode = FALSE
	EndGlobalSection
	GlobalSection(ExtensibilityGlobals) = postSolution
		SolutionGuid = {D61EA8B8-BAB8-4D7F-A864-B4B661C95055}
	EndGlobalSection
EndGlobal
